
Microsoft Visual Studio Solution File, Format Version 12.00
# Visual Studio Version 16
VisualStudioVersion = 16.0.30503.244
MinimumVisualStudioVersion = 10.0.40219.1
Project("{FAE04EC0-301F-11D3-BF4B-00C04F79EFBC}") = "Broker", "Broker\Broker.csproj", "{9B3552EB-0B71-4300-A298-753413931B2B}"
EndProject
Project("{FAE04EC0-301F-11D3-BF4B-00C04F79EFBC}") = "Common", "Common\Common.csproj", "{EDE16DD1-DF73-4398-AEC0-A0E38A53071B}"
EndProject
Project("{FAE04EC0-301F-11D3-BF4B-00C04F79EFBC}") = "Receiver", "Receiver\Receiver.csproj", "{68637DA9-585F-41EB-B920-0CF47C1D93BF}"
EndProject
Global
	GlobalSection(SolutionConfigurationPlatforms) = preSolution
		Debug|Any CPU = Debug|Any CPU
		Release|Any CPU = Release|Any CPU
	EndGlobalSection
	GlobalSection(ProjectConfigurationPlatforms) = postSolution
		{9B3552EB-0B71-4300-A298-753413931B2B}.Debug|Any CPU.ActiveCfg = Debug|Any CPU
		{9B3552EB-0B71-4300-A298-753413931B2B}.Debug|Any CPU.Build.0 = Debug|Any CPU
		{9B3552EB-0B71-4300-A298-753413931B2B}.Release|Any CPU.ActiveCfg = Release|Any CPU
		{9B3552EB-0B71-4300-A298-753413931B2B}.Release|Any CPU.Build.0 = Release|Any CPU
		{EDE16DD1-DF73-4398-AEC0-A0E38A53071B}.Debug|Any CPU.ActiveCfg = Debug|Any CPU
		{EDE16DD1-DF73-4398-AEC0-A0E38A53071B}.Debug|Any CPU.Build.0 = Debug|Any CPU
		{EDE16DD1-DF73-4398-AEC0-A0E38A53071B}.Release|Any CPU.ActiveCfg = Release|Any CPU
		{EDE16DD1-DF73-4398-AEC0-A0E38A53071B}.Release|Any CPU.Build.0 = Release|Any CPU
		{68637DA9-585F-41EB-B920-0CF47C1D93BF}.Debug|Any CPU.ActiveCfg = Debug|Any CPU
		{68637DA9-585F-41EB-B920-0CF47C1D93BF}.Debug|Any CPU.Build.0 = Debug|Any CPU
		{68637DA9-585F-41EB-B920-0CF47C1D93BF}.Release|Any CPU.ActiveCfg = Release|Any CPU
		{68637DA9-585F-41EB-B920-0CF47C1D93BF}.Release|Any CPU.Build.0 = Release|Any CPU
	EndGlobalSection
	GlobalSection(SolutionProperties) = preSolution
		HideSolutionNode = FALSE
	EndGlobalSection
	GlobalSection(ExtensibilityGlobals) = postSolution
		SolutionGuid = {5AD07853-C5D4-473A-AC10-1CA492DA2E6D}
	EndGlobalSection
EndGlobal
